{
    "_readme": [
        "This file locks the dependencies of your project to a known state",
        "Read more about it at https://getcomposer.org/doc/01-basic-usage.md#composer-lock-the-lock-file",
        "This file is @generated automatically"
    ],
    "hash": "748ee7206a71cc979742ef246b8f0e24",
    "packages": [
        {
            "name": "composer/installers",
            "version": "v1.0.21",
            "source": {
                "type": "git",
                "url": "https://github.com/composer/installers.git",
                "reference": "d64e23fce42a4063d63262b19b8e7c0f3b5e4c45"
            },
            "dist": {
                "type": "zip",
                "url": "https://api.github.com/repos/composer/installers/zipball/d64e23fce42a4063d63262b19b8e7c0f3b5e4c45",
                "reference": "d64e23fce42a4063d63262b19b8e7c0f3b5e4c45",
                "shasum": ""
            },
            "replace": {
                "roundcube/plugin-installer": "*",
                "shama/baton": "*"
            },
            "require-dev": {
                "composer/composer": "1.0.*@dev",
                "phpunit/phpunit": "4.1.*"
            },
            "type": "composer-installer",
            "extra": {
                "class": "Composer\\Installers\\Installer",
                "branch-alias": {
                    "dev-master": "1.0-dev"
                }
            },
            "autoload": {
                "psr-0": {
                    "Composer\\Installers\\": "src/"
                }
            },
            "notification-url": "https://packagist.org/downloads/",
            "license": [
                "MIT"
            ],
            "authors": [
                {
                    "name": "Kyle Robinson Young",
                    "email": "kyle@dontkry.com",
                    "homepage": "https://github.com/shama"
                }
            ],
            "description": "A multi-framework Composer library installer",
            "homepage": "http://composer.github.com/installers/",
            "keywords": [
                "Craft",
                "Dolibarr",
                "Hurad",
                "MODX Evo",
                "OXID",
                "SMF",
                "Thelia",
                "WolfCMS",
                "agl",
                "aimeos",
                "annotatecms",
                "bitrix",
                "cakephp",
                "chef",
                "codeigniter",
                "concrete5",
                "croogo",
                "dokuwiki",
                "drupal",
                "elgg",
                "fuelphp",
                "grav",
                "installer",
                "joomla",
                "kohana",
                "laravel",
                "lithium",
                "magento",
                "mako",
                "mediawiki",
                "modulework",
                "moodle",
                "phpbb",
                "piwik",
                "ppi",
                "puppet",
                "roundcube",
                "shopware",
                "silverstripe",
                "symfony",
                "typo3",
                "wordpress",
                "zend",
                "zikula"
            ],
            "time": "2015-02-18 17:17:01"
        },
        {
            "name": "wpsitecare/carelib",
            "version": "dev-master",
            "source": {
                "type": "git",
                "url": "https://github.com/wpsitecare/carelib.git",
                "reference": "df125de96a9f5d19e678e8db01e6a41c46179350"
            },
            "dist": {
                "type": "zip",
                "url": "https://api.github.com/repos/wpsitecare/carelib/zipball/df125de96a9f5d19e678e8db01e6a41c46179350",
                "reference": "df125de96a9f5d19e678e8db01e6a41c46179350",
                "shasum": ""
            },
            "type": "library",
            "notification-url": "https://packagist.org/downloads/",
            "license": [
                "GPL-2.0+"
            ],
            "authors": [
                {
                    "name": "Robert Neu",
                    "email": "rob@wpsitecare.com",
                    "homepage": "http://www.wpsitecare.com"
                }
            ],
            "description": "A collection of helpful classes to make creating an awesome theme more enjoyable.",
            "homepage": "https://github.com/wpsitecare/carelib",
            "keywords": [
                "wordpress"
            ],
            "time": "2015-09-17 06:09:29"
        },
        {
            "name": "zamoose/themehookalliance",
            "version": "dev-master",
            "source": {
                "type": "git",
                "url": "https://github.com/zamoose/themehookalliance.git",
                "reference": "969c949df8c0a9740f27b88755d053762be5d283"
            },
            "dist": {
                "type": "zip",
                "url": "https://api.github.com/repos/zamoose/themehookalliance/zipball/969c949df8c0a9740f27b88755d053762be5d283",
                "reference": "969c949df8c0a9740f27b88755d053762be5d283",
                "shasum": ""
            },
            "type": "library",
            "notification-url": "https://packagist.org/downloads/",
            "license": [
                "GPL-2.0+"
            ],
            "authors": [
                {
                    "name": "Doug Stewart",
                    "homepage": "http://literalbarrage.org"
                }
            ],
            "description": "Theme Hook Alliance",
            "homepage": "https://github.com/zamoose/themehookalliance",
            "keywords": [
                "wordpress"
            ],
            "time": "2015-08-05 03:42:29"
        }
    ],
    "packages-dev": [],
    "aliases": [],
    "minimum-stability": "stable",
    "stability-flags": {
        "wpsitecare/carelib": 20,
        "zamoose/themehookalliance": 20
    },
    "prefer-stable": false,
    "prefer-lowest": false,
    "platform": [],
    "platform-dev": []
}
